{
  "name": "swag-labs-e2e-tests",
  "version": "1.0.0",
  "lockfileVersion": 3,
  "requires": true,
  "packages": {
    "": {
      "name": "swag-labs-e2e-tests",
      "version": "1.0.0",
      "license": "unlicensed",
      "dependencies": {
        "swag-labs-e2e-tests": "file:"
      }
    },
    "node_modules/swag-labs-e2e-tests": {
      "resolved": "",
      "link": true
    }
  }
}
